// !$*UTF8*$!
{
	archiveVersion = 1;
	classes = {
	};
	objectVersion = 46;
	objects = {

/* Begin PBXBuildFile section */
		E96309281CCCC06D00F4C238 /* AppDelegate.swift in Sources */ = {isa = PBXBuildFile; fileRef = E96309271CCCC06D00F4C238 /* AppDelegate.swift */; };
		E963092A1CCCC06D00F4C238 /* ViewController.swift in Sources */ = {isa = PBXBuildFile; fileRef = E96309291CCCC06D00F4C238 /* ViewController.swift */; };
		E963092D1CCCC06D00F4C238 /* Main.storyboard in Resources */ = {isa = PBXBuildFile; fileRef = E963092B1CCCC06D00F4C238 /* Main.storyboard */; };
		E963092F1CCCC06D00F4C238 /* Assets.xcassets in Resources */ = {isa = PBXBuildFile; fileRef = E963092E1CCCC06D00F4C238 /* Assets.xcassets */; };
		E96309321CCCC06D00F4C238 /* LaunchScreen.storyboard in Resources */ = {isa = PBXBuildFile; fileRef = E96309301CCCC06D00F4C238 /* LaunchScreen.storyboard */; };
		E963093F1CCCCC0600F4C238 /* Model.xcdatamodeld in Sources */ = {isa = PBXBuildFile; fileRef = E963093D1CCCCC0600F4C238 /* Model.xcdatamodeld */; };
		E96309451CCCDF4A00F4C238 /* SomeEntry+CoreDataProperties.swift in Sources */ = {isa = PBXBuildFile; fileRef = E96309431CCCDF4A00F4C238 /* SomeEntry+CoreDataProperties.swift */; };
		E96309461CCCDF4A00F4C238 /* SomeEntry.swift in Sources */ = {isa = PBXBuildFile; fileRef = E96309441CCCDF4A00F4C238 /* SomeEntry.swift */; };
		E96309501CCD2D6400F4C238 /* Glover.framework in Frameworks */ = {isa = PBXBuildFile; fileRef = E963094F1CCD2D6400F4C238 /* Glover.framework */; };
		E96309511CCD2D6400F4C238 /* Glover.framework in Embed Frameworks */ = {isa = PBXBuildFile; fileRef = E963094F1CCD2D6400F4C238 /* Glover.framework */; settings = {ATTRIBUTES = (CodeSignOnCopy, RemoveHeadersOnCopy, ); }; };
/* End PBXBuildFile section */

/* Begin PBXCopyFilesBuildPhase section */
		E963094E1CCD2D4A00F4C238 /* Embed Frameworks */ = {
			isa = PBXCopyFilesBuildPhase;
			buildActionMask = 2147483647;
			dstPath = "";
			dstSubfolderSpec = 10;
			files = (
				E96309511CCD2D6400F4C238 /* Glover.framework in Embed Frameworks */,
			);
			name = "Embed Frameworks";
			runOnlyForDeploymentPostprocessing = 0;
		};
/* End PBXCopyFilesBuildPhase section */

/* Begin PBXFileReference section */
		E96309241CCCC06D00F4C238 /* Glover iOS Example.app */ = {isa = PBXFileReference; explicitFileType = wrapper.application; includeInIndex = 0; path = "Glover iOS Example.app"; sourceTree = BUILT_PRODUCTS_DIR; };
		E96309271CCCC06D00F4C238 /* AppDelegate.swift */ = {isa = PBXFileReference; lastKnownFileType = sourcecode.swift; path = AppDelegate.swift; sourceTree = "<group>"; };
		E96309291CCCC06D00F4C238 /* ViewController.swift */ = {isa = PBXFileReference; lastKnownFileType = sourcecode.swift; path = ViewController.swift; sourceTree = "<group>"; };
		E963092C1CCCC06D00F4C238 /* Base */ = {isa = PBXFileReference; lastKnownFileType = file.storyboard; name = Base; path = Base.lproj/Main.storyboard; sourceTree = "<group>"; };
		E963092E1CCCC06D00F4C238 /* Assets.xcassets */ = {isa = PBXFileReference; lastKnownFileType = folder.assetcatalog; path = Assets.xcassets; sourceTree = "<group>"; };
		E96309311CCCC06D00F4C238 /* Base */ = {isa = PBXFileReference; lastKnownFileType = file.storyboard; name = Base; path = Base.lproj/LaunchScreen.storyboard; sourceTree = "<group>"; };
		E96309331CCCC06D00F4C238 /* Info.plist */ = {isa = PBXFileReference; lastKnownFileType = text.plist.xml; path = Info.plist; sourceTree = "<group>"; };
		E963093E1CCCCC0600F4C238 /* Model.xcdatamodel */ = {isa = PBXFileReference; lastKnownFileType = wrapper.xcdatamodel; path = Model.xcdatamodel; sourceTree = "<group>"; };
		E96309431CCCDF4A00F4C238 /* SomeEntry+CoreDataProperties.swift */ = {isa = PBXFileReference; fileEncoding = 4; lastKnownFileType = sourcecode.swift; path = "SomeEntry+CoreDataProperties.swift"; sourceTree = "<group>"; };
		E96309441CCCDF4A00F4C238 /* SomeEntry.swift */ = {isa = PBXFileReference; fileEncoding = 4; lastKnownFileType = sourcecode.swift; path = SomeEntry.swift; sourceTree = "<group>"; };
		E963094F1CCD2D6400F4C238 /* Glover.framework */ = {isa = PBXFileReference; explicitFileType = wrapper.framework; name = Glover.framework; path = "/Users/suntrix/Library/Developer/Xcode/DerivedData/Glover-hfknjwghxnmncycsmiennbjrpkvw/Build/Products/Debug-iphoneos/Glover.framework"; sourceTree = "<absolute>"; };
/* End PBXFileReference section */

/* Begin PBXFrameworksBuildPhase section */
		E96309211CCCC06D00F4C238 /* Frameworks */ = {
			isa = PBXFrameworksBuildPhase;
			buildActionMask = 2147483647;
			files = (
				E96309501CCD2D6400F4C238 /* Glover.framework in Frameworks */,
			);
			runOnlyForDeploymentPostprocessing = 0;
		};
/* End PBXFrameworksBuildPhase section */

/* Begin PBXGroup section */
		E963091B1CCCC06D00F4C238 = {
			isa = PBXGroup;
			children = (
				E963094F1CCD2D6400F4C238 /* Glover.framework */,
				E96309261CCCC06D00F4C238 /* Sources */,
				E96309251CCCC06D00F4C238 /* Products */,
			);
			sourceTree = "<group>";
		};
		E96309251CCCC06D00F4C238 /* Products */ = {
			isa = PBXGroup;
			children = (
				E96309241CCCC06D00F4C238 /* Glover iOS Example.app */,
			);
			name = Products;
			sourceTree = "<group>";
		};
		E96309261CCCC06D00F4C238 /* Sources */ = {
			isa = PBXGroup;
			children = (
				E96309271CCCC06D00F4C238 /* AppDelegate.swift */,
				E96309291CCCC06D00F4C238 /* ViewController.swift */,
				E96309471CCCDF5300F4C238 /* Model */,
				E963092B1CCCC06D00F4C238 /* Main.storyboard */,
				E963092E1CCCC06D00F4C238 /* Assets.xcassets */,
				E96309391CCCC09700F4C238 /* Supporting Files */,
			);
			path = Sources;
			sourceTree = "<group>";
		};
		E96309391CCCC09700F4C238 /* Supporting Files */ = {
			isa = PBXGroup;
			children = (
				E96309301CCCC06D00F4C238 /* LaunchScreen.storyboard */,
				E96309331CCCC06D00F4C238 /* Info.plist */,
			);
			name = "Supporting Files";
			sourceTree = "<group>";
		};
		E96309471CCCDF5300F4C238 /* Model */ = {
			isa = PBXGroup;
			children = (
				E963093D1CCCCC0600F4C238 /* Model.xcdatamodeld */,
				E96309431CCCDF4A00F4C238 /* SomeEntry+CoreDataProperties.swift */,
				E96309441CCCDF4A00F4C238 /* SomeEntry.swift */,
			);
			name = Model;
			sourceTree = "<group>";
		};
/* End PBXGroup section */

/* Begin PBXNativeTarget section */
		E96309231CCCC06D00F4C238 /* Glover iOS Example */ = {
			isa = PBXNativeTarget;
			buildConfigurationList = E96309361CCCC06D00F4C238 /* Build configuration list for PBXNativeTarget "Glover iOS Example" */;
			buildPhases = (
				E96309201CCCC06D00F4C238 /* Sources */,
				E96309211CCCC06D00F4C238 /* Frameworks */,
				E96309221CCCC06D00F4C238 /* Resources */,
				E963094E1CCD2D4A00F4C238 /* Embed Frameworks */,
			);
			buildRules = (
			);
			dependencies = (
			);
			name = "Glover iOS Example";
			productName = "Glover iOS Example";
			productReference = E96309241CCCC06D00F4C238 /* Glover iOS Example.app */;
			productType = "com.apple.product-type.application";
		};
/* End PBXNativeTarget section */

/* Begin PBXProject section */
		E963091C1CCCC06D00F4C238 /* Project object */ = {
			isa = PBXProject;
			attributes = {
				LastSwiftUpdateCheck = 0730;
				LastUpgradeCheck = 0730;
				ORGANIZATIONNAME = mobiletoolkit.org;
				TargetAttributes = {
					E96309231CCCC06D00F4C238 = {
						CreatedOnToolsVersion = 7.3;
						DevelopmentTeam = Y958SVCHZ8;
					};
				};
			};
			buildConfigurationList = E963091F1CCCC06D00F4C238 /* Build configuration list for PBXProject "iOS Example" */;
			compatibilityVersion = "Xcode 3.2";
			developmentRegion = English;
			hasScannedForEncodings = 0;
			knownRegions = (
				en,
				Base,
			);
			mainGroup = E963091B1CCCC06D00F4C238;
			productRefGroup = E96309251CCCC06D00F4C238 /* Products */;
			projectDirPath = "";
			projectRoot = "";
			targets = (
				E96309231CCCC06D00F4C238 /* Glover iOS Example */,
			);
		};
/* End PBXProject section */

/* Begin PBXResourcesBuildPhase section */
		E96309221CCCC06D00F4C238 /* Resources */ = {
			isa = PBXResourcesBuildPhase;
			buildActionMask = 2147483647;
			files = (
				E96309321CCCC06D00F4C238 /* LaunchScreen.storyboard in Resources */,
				E963092F1CCCC06D00F4C238 /* Assets.xcassets in Resources */,
				E963092D1CCCC06D00F4C238 /* Main.storyboard in Resources */,
			);
			runOnlyForDeploymentPostprocessing = 0;
		};
/* End PBXResourcesBuildPhase section */

/* Begin PBXSourcesBuildPhase section */
		E96309201CCCC06D00F4C238 /* Sources */ = {
			isa = PBXSourcesBuildPhase;
			buildActionMask = 2147483647;
			files = (
				E963092A1CCCC06D00F4C238 /* ViewController.swift in Sources */,
				E96309461CCCDF4A00F4C238 /* SomeEntry.swift in Sources */,
				E96309281CCCC06D00F4C238 /* AppDelegate.swift in Sources */,
				E96309451CCCDF4A00F4C238 /* SomeEntry+CoreDataProperties.swift in Sources */,
				E963093F1CCCCC0600F4C238 /* Model.xcdatamodeld in Sources */,
			);
			runOnlyForDeploymentPostprocessing = 0;
		};
/* End PBXSourcesBuildPhase section */

/* Begin PBXVariantGroup section */
		E963092B1CCCC06D00F4C238 /* Main.storyboard */ = {
			isa = PBXVariantGroup;
			children = (
				E963092C1CCCC06D00F4C238 /* Base */,
			);
			name = Main.storyboard;
			sourceTree = "<group>";
		};
		E96309301CCCC06D00F4C238 /* LaunchScreen.storyboard */ = {
			isa = PBXVariantGroup;
			children = (
				E96309311CCCC06D00F4C238 /* Base */,
			);
			name = LaunchScreen.storyboard;
			sourceTree = "<group>";
		};
/* End PBXVariantGroup section */

/* Begin XCBuildConfiguration section */
		E96309341CCCC06D00F4C238 /* Debug */ = {
			isa = XCBuildConfiguration;
			buildSettings = {
				ALWAYS_SEARCH_USER_PATHS = NO;
				CLANG_ANALYZER_NONNULL = YES;
				CLANG_CXX_LANGUAGE_STANDARD = "gnu++0x";
				CLANG_CXX_LIBRARY = "libc++";
				CLANG_ENABLE_MODULES = YES;
				CLANG_ENABLE_OBJC_ARC = YES;
				CLANG_WARN_BOOL_CONVERSION = YES;
				CLANG_WARN_CONSTANT_CONVERSION = YES;
				CLANG_WARN_DIRECT_OBJC_ISA_USAGE = YES_ERROR;
				CLANG_WARN_EMPTY_BODY = YES;
				CLANG_WARN_ENUM_CONVERSION = YES;
				CLANG_WARN_INT_CONVERSION = YES;
				CLANG_WARN_OBJC_ROOT_CLASS = YES_ERROR;
				CLANG_WARN_UNREACHABLE_CODE = YES;
				CLANG_WARN__DUPLICATE_METHOD_MATCH = YES;
				"CODE_SIGN_IDENTITY[sdk=iphoneos*]" = "iPhone Developer";
				COPY_PHASE_STRIP = NO;
				DEBUG_INFORMATION_FORMAT = dwarf;
				ENABLE_STRICT_OBJC_MSGSEND = YES;
				ENABLE_TESTABILITY = YES;
				GCC_C_LANGUAGE_STANDARD = gnu99;
				GCC_DYNAMIC_NO_PIC = NO;
				GCC_NO_COMMON_BLOCKS = YES;
				GCC_OPTIMIZATION_LEVEL = 0;
				GCC_PREPROCESSOR_DEFINITIONS = (
					"DEBUG=1",
					"$(inherited)",
				);
				GCC_WARN_64_TO_32_BIT_CONVERSION = YES;
				GCC_WARN_ABOUT_RETURN_TYPE = YES_ERROR;
				GCC_WARN_UNDECLARED_SELECTOR = YES;
				GCC_WARN_UNINITIALIZED_AUTOS = YES_AGGRESSIVE;
				GCC_WARN_UNUSED_FUNCTION = YES;
				GCC_WARN_UNUSED_VARIABLE = YES;
				IPHONEOS_DEPLOYMENT_TARGET = 9.3;
				MTL_ENABLE_DEBUG_INFO = YES;
				ONLY_ACTIVE_ARCH = YES;
				SDKROOT = iphoneos;
				SWIFT_OPTIMIZATION_LEVEL = "-Onone";
				TARGETED_DEVICE_FAMILY = "1,2";
			};
			name = Debug;
		};
		E96309351CCCC06D00F4C238 /* Release */ = {
			isa = XCBuildConfiguration;
			buildSettings = {
				ALWAYS_SEARCH_USER_PATHS = NO;
				CLANG_ANALYZER_NONNULL = YES;
				CLANG_CXX_LANGUAGE_STANDARD = "gnu++0x";
				CLANG_CXX_LIBRARY = "libc++";
				CLANG_ENABLE_MODULES = YES;
				CLANG_ENABLE_OBJC_ARC = YES;
				CLANG_WARN_BOOL_CONVERSION = YES;
				CLANG_WARN_CONSTANT_CONVERSION = YES;
				CLANG_WARN_DIRECT_OBJC_ISA_USAGE = YES_ERROR;
				CLANG_WARN_EMPTY_BODY = YES;
				CLANG_WARN_ENUM_CONVERSION = YES;
				CLANG_WARN_INT_CONVERSION = YES;
				CLANG_WARN_OBJC_ROOT_CLASS = YES_ERROR;
				CLANG_WARN_UNREACHABLE_CODE = YES;
				CLANG_WARN__DUPLICATE_METHOD_MATCH = YES;
				"CODE_SIGN_IDENTITY[sdk=iphoneos*]" = "iPhone Developer";
				COPY_PHASE_STRIP = NO;
				DEBUG_INFORMATION_FORMAT = "dwarf-with-dsym";
				ENABLE_NS_ASSERTIONS = NO;
				ENABLE_STRICT_OBJC_MSGSEND = YES;
				GCC_C_LANGUAGE_STANDARD = gnu99;
				GCC_NO_COMMON_BLOCKS = YES;
				GCC_WARN_64_TO_32_BIT_CONVERSION = YES;
				GCC_WARN_ABOUT_RETURN_TYPE = YES_ERROR;
				GCC_WARN_UNDECLARED_SELECTOR = YES;
				GCC_WARN_UNINITIALIZED_AUTOS = YES_AGGRESSIVE;
				GCC_WARN_UNUSED_FUNCTION = YES;
				GCC_WARN_UNUSED_VARIABLE = YES;
				IPHONEOS_DEPLOYMENT_TARGET = 9.3;
				MTL_ENABLE_DEBUG_INFO = NO;
				SDKROOT = iphoneos;
				TARGETED_DEVICE_FAMILY = "1,2";
				VALIDATE_PRODUCT = YES;
			};
			name = Release;
		};
		E96309371CCCC06D00F4C238 /* Debug */ = {
			isa = XCBuildConfiguration;
			buildSettings = {
				ASSETCATALOG_COMPILER_APPICON_NAME = AppIcon;
				CODE_SIGN_IDENTITY = "iPhone Developer";
				"CODE_SIGN_IDENTITY[sdk=iphoneos*]" = "iPhone Developer";
				INFOPLIST_FILE = "$(SRCROOT)/Sources/Info.plist";
				LD_RUNPATH_SEARCH_PATHS = "$(inherited) @executable_path/Frameworks";
				PRODUCT_BUNDLE_IDENTIFIER = "com.mobiletoolkit.Glover-iOS-Example";
				PRODUCT_NAME = "$(TARGET_NAME)";
				PROVISIONING_PROFILE = "";
			};
			name = Debug;
		};
		E96309381CCCC06D00F4C238 /* Release */ = {
			isa = XCBuildConfiguration;
			buildSettings = {
				ASSETCATALOG_COMPILER_APPICON_NAME = AppIcon;
				CODE_SIGN_IDENTITY = "iPhone Developer";
				"CODE_SIGN_IDENTITY[sdk=iphoneos*]" = "iPhone Developer";
				INFOPLIST_FILE = "$(SRCROOT)/Sources/Info.plist";
				LD_RUNPATH_SEARCH_PATHS = "$(inherited) @executable_path/Frameworks";
				PRODUCT_BUNDLE_IDENTIFIER = "com.mobiletoolkit.Glover-iOS-Example";
				PRODUCT_NAME = "$(TARGET_NAME)";
				PROVISIONING_PROFILE = "";
			};
			name = Release;
		};
/* End XCBuildConfiguration section */

/* Begin XCConfigurationList section */
		E963091F1CCCC06D00F4C238 /* Build configuration list for PBXProject "iOS Example" */ = {
			isa = XCConfigurationList;
			buildConfigurations = (
				E96309341CCCC06D00F4C238 /* Debug */,
				E96309351CCCC06D00F4C238 /* Release */,
			);
			defaultConfigurationIsVisible = 0;
			defaultConfigurationName = Release;
		};
		E96309361CCCC06D00F4C238 /* Build configuration list for PBXNativeTarget "Glover iOS Example" */ = {
			isa = XCConfigurationList;
			buildConfigurations = (
				E96309371CCCC06D00F4C238 /* Debug */,
				E96309381CCCC06D00F4C238 /* Release */,
			);
			defaultConfigurationIsVisible = 0;
			defaultConfigurationName = Release;
		};
/* End XCConfigurationList section */

/* Begin XCVersionGroup section */
		E963093D1CCCCC0600F4C238 /* Model.xcdatamodeld */ = {
			isa = XCVersionGroup;
			children = (
				E963093E1CCCCC0600F4C238 /* Model.xcdatamodel */,
			);
			currentVersion = E963093E1CCCCC0600F4C238 /* Model.xcdatamodel */;
			path = Model.xcdatamodeld;
			sourceTree = "<group>";
			versionGroupType = wrapper.xcdatamodel;
		};
/* End XCVersionGroup section */
	};
	rootObject = E963091C1CCCC06D00F4C238 /* Project object */;
}
